
Microsoft Visual Studio Solution File, Format Version 12.00
# Visual Studio Version 16
VisualStudioVersion = 16.0.29709.97
MinimumVisualStudioVersion = 10.0.40219.1
Project("{FAE04EC0-301F-11D3-BF4B-00C04F79EFBC}") = "MVC-Lab01", "MVC-Lab01\MVC-Lab01.csproj", "{7B1E64C6-240D-4524-AA51-6DACF415A559}"
EndProject
Global
	GlobalSection(SolutionConfigurationPlatforms) = preSolution
		Debug|Any CPU = Debug|Any CPU
		Release|Any CPU = Release|Any CPU
	EndGlobalSection
	GlobalSection(ProjectConfigurationPlatforms) = postSolution
		{7B1E64C6-240D-4524-AA51-6DACF415A559}.Debug|Any CPU.ActiveCfg = Debug|Any CPU
		{7B1E64C6-240D-4524-AA51-6DACF415A559}.Debug|Any CPU.Build.0 = Debug|Any CPU
		{7B1E64C6-240D-4524-AA51-6DACF415A559}.Release|Any CPU.ActiveCfg = Release|Any CPU
		{7B1E64C6-240D-4524-AA51-6DACF415A559}.Release|Any CPU.Build.0 = Release|Any CPU
	EndGlobalSection
	GlobalSection(SolutionProperties) = preSolution
		HideSolutionNode = FALSE
	EndGlobalSection
	GlobalSection(ExtensibilityGlobals) = postSolution
		SolutionGuid = {D574C8D6-7676-4E3A-BDA4-79B1E58FACBA}
	EndGlobalSection
EndGlobal
